
Microsoft Visual Studio Solution File, Format Version 12.00
# Visual Studio Version 17
VisualStudioVersion = 17.1.32228.430
MinimumVisualStudioVersion = 10.0.40219.1
Project("{FAE04EC0-301F-11D3-BF4B-00C04F79EFBC}") = "NoCom_API", "NoCom_API.csproj", "{2FD84B62-6B39-4300-8BA8-E4647EAAC42A}"
EndProject
Global
	GlobalSection(SolutionConfigurationPlatforms) = preSolution
		Debug|Any CPU = Debug|Any CPU
		Release|Any CPU = Release|Any CPU
	EndGlobalSection
	GlobalSection(ProjectConfigurationPlatforms) = postSolution
		{2FD84B62-6B39-4300-8BA8-E4647EAAC42A}.Debug|Any CPU.ActiveCfg = Debug|Any CPU
		{2FD84B62-6B39-4300-8BA8-E4647EAAC42A}.Debug|Any CPU.Build.0 = Debug|Any CPU
		{2FD84B62-6B39-4300-8BA8-E4647EAAC42A}.Release|Any CPU.ActiveCfg = Release|Any CPU
		{2FD84B62-6B39-4300-8BA8-E4647EAAC42A}.Release|Any CPU.Build.0 = Release|Any CPU
	EndGlobalSection
	GlobalSection(SolutionProperties) = preSolution
		HideSolutionNode = FALSE
	EndGlobalSection
	GlobalSection(ExtensibilityGlobals) = postSolution
		SolutionGuid = {83C68E95-353B-4509-A97E-B727B2138B5A}
	EndGlobalSection
EndGlobal
